{
  "name": "get_it_together",
  "requires": true,
  "lockfileVersion": 1,
  "dependencies": {
    "highcharts-vue": {
      "version": "1.2.0",
      "resolved": "https://registry.npmjs.org/highcharts-vue/-/highcharts-vue-1.2.0.tgz",
      "integrity": "sha512-S44yU56BcN6hOJk2PFXGokaG2HYeMS3fr/Gq8i+0Wf6tUY9Mak/c3WOkKvnQIEC8pO2HoU2gPZXPN2SMmWX9qA=="
    }
  }
}
